{
  "originHash" : "92c6282e92653bc73f0c5cfee6f2faceb71ffd649c37aa1739bab7e8a03e27f5",
  "pins" : [
    {
      "identity" : "ios-maps-sdk",
      "kind" : "remoteSourceControl",
      "location" : "https://github.com/googlemaps/ios-maps-sdk",
      "state" : {
        "revision" : "eae9fb0930f6f8ebcc5bfa6f7683da3cc3782cc3",
        "version" : "10.3.0"
      }
    },
    {
      "identity" : "ios-navigation-sdk",
      "kind" : "remoteSourceControl",
      "location" : "https://github.com/googlemaps/ios-navigation-sdk",
      "state" : {
        "revision" : "ea702aa06d935a7023fa8fddfbfc42f1c5caebfb",
        "version" : "10.3.0"
      }
    },
    {
      "identity" : "ios-places-sdk",
      "kind" : "remoteSourceControl",
      "location" : "https://github.com/googlemaps/ios-places-sdk",
      "state" : {
        "revision" : "987497b1eb8a7bbce8cb1d86b2c7cd64d0302452",
        "version" : "10.1.0"
      }
    }
  ],
  "version" : 3
}
